// !$*UTF8*$!
{
	archiveVersion = 1;
	classes = {
	};
	objectVersion = 56;
	objects = {

/* Begin PBXBuildFile section */
		F5E668DF2A878A9E000FE2BF /* View+Extension.swift in Sources */ = {isa = PBXBuildFile; fileRef = F5E668DE2A878A9E000FE2BF /* View+Extension.swift */; };
		F5E668E12A87D525000FE2BF /* NativeColor.swift in Sources */ = {isa = PBXBuildFile; fileRef = F5E668E02A87D525000FE2BF /* NativeColor.swift */; };
		F5E668E32A88A140000FE2BF /* PopupsView.swift in Sources */ = {isa = PBXBuildFile; fileRef = F5E668E22A88A140000FE2BF /* PopupsView.swift */; };
		F5E668E52A88AD84000FE2BF /* LegendView.swift in Sources */ = {isa = PBXBuildFile; fileRef = F5E668E42A88AD84000FE2BF /* LegendView.swift */; };
		F5E668E72A8A15C7000FE2BF /* HapticsView.swift in Sources */ = {isa = PBXBuildFile; fileRef = F5E668E62A8A15C7000FE2BF /* HapticsView.swift */; };
		F5E668F02A8A1CDA000FE2BF /* Heartbeat.ahap in Resources */ = {isa = PBXBuildFile; fileRef = F5E668E92A8A1CDA000FE2BF /* Heartbeat.ahap */; };
		F5E668F12A8A1CDA000FE2BF /* Rumble.ahap in Resources */ = {isa = PBXBuildFile; fileRef = F5E668EA2A8A1CDA000FE2BF /* Rumble.ahap */; };
		F5E668F22A8A1CDA000FE2BF /* Oscillate.ahap in Resources */ = {isa = PBXBuildFile; fileRef = F5E668EB2A8A1CDA000FE2BF /* Oscillate.ahap */; };
		F5E668F32A8A1CDA000FE2BF /* Boing.ahap in Resources */ = {isa = PBXBuildFile; fileRef = F5E668EC2A8A1CDA000FE2BF /* Boing.ahap */; };
		F5E668F42A8A1CDA000FE2BF /* Drums.wav in Resources */ = {isa = PBXBuildFile; fileRef = F5E668ED2A8A1CDA000FE2BF /* Drums.wav */; };
		F5E668F52A8A1CDA000FE2BF /* Inflate.ahap in Resources */ = {isa = PBXBuildFile; fileRef = F5E668EE2A8A1CDA000FE2BF /* Inflate.ahap */; };
		F5E668F62A8A1CDA000FE2BF /* Drums.ahap in Resources */ = {isa = PBXBuildFile; fileRef = F5E668EF2A8A1CDA000FE2BF /* Drums.ahap */; };
		F5E668F82A8A1FE2000FE2BF /* SwitchesView.swift in Sources */ = {isa = PBXBuildFile; fileRef = F5E668F72A8A1FE2000FE2BF /* SwitchesView.swift */; };
		F5FA0FD42A84DF7F00260BA5 /* HHLUXPrototypeApp.swift in Sources */ = {isa = PBXBuildFile; fileRef = F5FA0FD32A84DF7F00260BA5 /* HHLUXPrototypeApp.swift */; };
		F5FA0FD62A84DF7F00260BA5 /* ContentView.swift in Sources */ = {isa = PBXBuildFile; fileRef = F5FA0FD52A84DF7F00260BA5 /* ContentView.swift */; };
		F5FA0FD82A84DF8000260BA5 /* Assets.xcassets in Resources */ = {isa = PBXBuildFile; fileRef = F5FA0FD72A84DF8000260BA5 /* Assets.xcassets */; };
		F5FA0FDC2A84DF8000260BA5 /* Preview Assets.xcassets in Resources */ = {isa = PBXBuildFile; fileRef = F5FA0FDB2A84DF8000260BA5 /* Preview Assets.xcassets */; };
		F5FA0FE32A84E24E00260BA5 /* SymbolsView.swift in Sources */ = {isa = PBXBuildFile; fileRef = F5FA0FE22A84E24E00260BA5 /* SymbolsView.swift */; };
		F5FA0FE52A84E25F00260BA5 /* CtaView.swift in Sources */ = {isa = PBXBuildFile; fileRef = F5FA0FE42A84E25F00260BA5 /* CtaView.swift */; };
		F5FA0FEA2A84E77400260BA5 /* AppSettings.swift in Sources */ = {isa = PBXBuildFile; fileRef = F5FA0FE92A84E77400260BA5 /* AppSettings.swift */; };
		F5FA0FEC2A84E87700260BA5 /* URL+Extension.swift in Sources */ = {isa = PBXBuildFile; fileRef = F5FA0FEB2A84E87700260BA5 /* URL+Extension.swift */; };
		F5FA0FEE2A84E9DE00260BA5 /* symbol_names.txt in Resources */ = {isa = PBXBuildFile; fileRef = F5FA0FED2A84E9DE00260BA5 /* symbol_names.txt */; };
		F5FA0FF12A84F7CA00260BA5 /* MenuView.swift in Sources */ = {isa = PBXBuildFile; fileRef = F5FA0FF02A84F7CA00260BA5 /* MenuView.swift */; };
		F5FA0FF32A850BCD00260BA5 /* ListsView.swift in Sources */ = {isa = PBXBuildFile; fileRef = F5FA0FF22A850BCD00260BA5 /* ListsView.swift */; };
		F5FA0FF52A850BF200260BA5 /* SelectorsView.swift in Sources */ = {isa = PBXBuildFile; fileRef = F5FA0FF42A850BF200260BA5 /* SelectorsView.swift */; };
		F5FA0FF72A85996200260BA5 /* InputView.swift in Sources */ = {isa = PBXBuildFile; fileRef = F5FA0FF62A85996200260BA5 /* InputView.swift */; };
		F5FA0FF92A8599EB00260BA5 /* StatesView.swift in Sources */ = {isa = PBXBuildFile; fileRef = F5FA0FF82A8599EB00260BA5 /* StatesView.swift */; };
		F5FA0FFB2A859B0F00260BA5 /* FloatingTextField.swift in Sources */ = {isa = PBXBuildFile; fileRef = F5FA0FFA2A859B0F00260BA5 /* FloatingTextField.swift */; };
		F5FA0FFE2A859BBE00260BA5 /* FloatingError.swift in Sources */ = {isa = PBXBuildFile; fileRef = F5FA0FFD2A859BBE00260BA5 /* FloatingError.swift */; };
		F5FA10002A859BF000260BA5 /* SecureTextFieldWithReveal.swift in Sources */ = {isa = PBXBuildFile; fileRef = F5FA0FFF2A859BF000260BA5 /* SecureTextFieldWithReveal.swift */; };
		F5FA10022A85A72400260BA5 /* ButtonStyles.swift in Sources */ = {isa = PBXBuildFile; fileRef = F5FA10012A85A72400260BA5 /* ButtonStyles.swift */; };
		F5FA10072A86660B00260BA5 /* LoadViewModel.swift in Sources */ = {isa = PBXBuildFile; fileRef = F5FA10052A86293500260BA5 /* LoadViewModel.swift */; };
		F5FA10082A86660E00260BA5 /* LoadView.swift in Sources */ = {isa = PBXBuildFile; fileRef = F5FA10032A861F4C00260BA5 /* LoadView.swift */; };
/* End PBXBuildFile section */

/* Begin PBXFileReference section */
		F5E668DE2A878A9E000FE2BF /* View+Extension.swift */ = {isa = PBXFileReference; lastKnownFileType = sourcecode.swift; path = "View+Extension.swift"; sourceTree = "<group>"; };
		F5E668E02A87D525000FE2BF /* NativeColor.swift */ = {isa = PBXFileReference; lastKnownFileType = sourcecode.swift; path = NativeColor.swift; sourceTree = "<group>"; };
		F5E668E22A88A140000FE2BF /* PopupsView.swift */ = {isa = PBXFileReference; lastKnownFileType = sourcecode.swift; path = PopupsView.swift; sourceTree = "<group>"; };
		F5E668E42A88AD84000FE2BF /* LegendView.swift */ = {isa = PBXFileReference; lastKnownFileType = sourcecode.swift; path = LegendView.swift; sourceTree = "<group>"; };
		F5E668E62A8A15C7000FE2BF /* HapticsView.swift */ = {isa = PBXFileReference; lastKnownFileType = sourcecode.swift; path = HapticsView.swift; sourceTree = "<group>"; };
		F5E668E92A8A1CDA000FE2BF /* Heartbeat.ahap */ = {isa = PBXFileReference; fileEncoding = 4; lastKnownFileType = text; path = Heartbeat.ahap; sourceTree = "<group>"; };
		F5E668EA2A8A1CDA000FE2BF /* Rumble.ahap */ = {isa = PBXFileReference; fileEncoding = 4; lastKnownFileType = text; path = Rumble.ahap; sourceTree = "<group>"; };
		F5E668EB2A8A1CDA000FE2BF /* Oscillate.ahap */ = {isa = PBXFileReference; fileEncoding = 4; lastKnownFileType = text; path = Oscillate.ahap; sourceTree = "<group>"; };
		F5E668EC2A8A1CDA000FE2BF /* Boing.ahap */ = {isa = PBXFileReference; fileEncoding = 4; lastKnownFileType = text; path = Boing.ahap; sourceTree = "<group>"; };
		F5E668ED2A8A1CDA000FE2BF /* Drums.wav */ = {isa = PBXFileReference; lastKnownFileType = audio.wav; path = Drums.wav; sourceTree = "<group>"; };
		F5E668EE2A8A1CDA000FE2BF /* Inflate.ahap */ = {isa = PBXFileReference; fileEncoding = 4; lastKnownFileType = text; path = Inflate.ahap; sourceTree = "<group>"; };
		F5E668EF2A8A1CDA000FE2BF /* Drums.ahap */ = {isa = PBXFileReference; fileEncoding = 4; lastKnownFileType = text; path = Drums.ahap; sourceTree = "<group>"; };
		F5E668F72A8A1FE2000FE2BF /* SwitchesView.swift */ = {isa = PBXFileReference; lastKnownFileType = sourcecode.swift; path = SwitchesView.swift; sourceTree = "<group>"; };
		F5FA0FD02A84DF7F00260BA5 /* HHLUXPrototype.app */ = {isa = PBXFileReference; explicitFileType = wrapper.application; includeInIndex = 0; path = HHLUXPrototype.app; sourceTree = BUILT_PRODUCTS_DIR; };
		F5FA0FD32A84DF7F00260BA5 /* HHLUXPrototypeApp.swift */ = {isa = PBXFileReference; lastKnownFileType = sourcecode.swift; path = HHLUXPrototypeApp.swift; sourceTree = "<group>"; };
		F5FA0FD52A84DF7F00260BA5 /* ContentView.swift */ = {isa = PBXFileReference; lastKnownFileType = sourcecode.swift; path = ContentView.swift; sourceTree = "<group>"; };
		F5FA0FD72A84DF8000260BA5 /* Assets.xcassets */ = {isa = PBXFileReference; lastKnownFileType = folder.assetcatalog; path = Assets.xcassets; sourceTree = "<group>"; };
		F5FA0FD92A84DF8000260BA5 /* HHLUXPrototype.entitlements */ = {isa = PBXFileReference; lastKnownFileType = text.plist.entitlements; path = HHLUXPrototype.entitlements; sourceTree = "<group>"; };
		F5FA0FDB2A84DF8000260BA5 /* Preview Assets.xcassets */ = {isa = PBXFileReference; lastKnownFileType = folder.assetcatalog; path = "Preview Assets.xcassets"; sourceTree = "<group>"; };
		F5FA0FE22A84E24E00260BA5 /* SymbolsView.swift */ = {isa = PBXFileReference; lastKnownFileType = sourcecode.swift; path = SymbolsView.swift; sourceTree = "<group>"; };
		F5FA0FE42A84E25F00260BA5 /* CtaView.swift */ = {isa = PBXFileReference; lastKnownFileType = sourcecode.swift; path = CtaView.swift; sourceTree = "<group>"; };
		F5FA0FE92A84E77400260BA5 /* AppSettings.swift */ = {isa = PBXFileReference; fileEncoding = 4; lastKnownFileType = sourcecode.swift; path = AppSettings.swift; sourceTree = "<group>"; };
		F5FA0FEB2A84E87700260BA5 /* URL+Extension.swift */ = {isa = PBXFileReference; fileEncoding = 4; lastKnownFileType = sourcecode.swift; path = "URL+Extension.swift"; sourceTree = "<group>"; };
		F5FA0FED2A84E9DE00260BA5 /* symbol_names.txt */ = {isa = PBXFileReference; fileEncoding = 4; lastKnownFileType = text; path = symbol_names.txt; sourceTree = "<group>"; };
		F5FA0FEF2A84E9FD00260BA5 /* README.md */ = {isa = PBXFileReference; lastKnownFileType = net.daringfireball.markdown; path = README.md; sourceTree = "<group>"; };
		F5FA0FF02A84F7CA00260BA5 /* MenuView.swift */ = {isa = PBXFileReference; lastKnownFileType = sourcecode.swift; path = MenuView.swift; sourceTree = "<group>"; };
		F5FA0FF22A850BCD00260BA5 /* ListsView.swift */ = {isa = PBXFileReference; lastKnownFileType = sourcecode.swift; path = ListsView.swift; sourceTree = "<group>"; };
		F5FA0FF42A850BF200260BA5 /* SelectorsView.swift */ = {isa = PBXFileReference; lastKnownFileType = sourcecode.swift; path = SelectorsView.swift; sourceTree = "<group>"; };
		F5FA0FF62A85996200260BA5 /* InputView.swift */ = {isa = PBXFileReference; lastKnownFileType = sourcecode.swift; path = InputView.swift; sourceTree = "<group>"; };
		F5FA0FF82A8599EB00260BA5 /* StatesView.swift */ = {isa = PBXFileReference; lastKnownFileType = sourcecode.swift; path = StatesView.swift; sourceTree = "<group>"; };
		F5FA0FFA2A859B0F00260BA5 /* FloatingTextField.swift */ = {isa = PBXFileReference; lastKnownFileType = sourcecode.swift; path = FloatingTextField.swift; sourceTree = "<group>"; };
		F5FA0FFD2A859BBE00260BA5 /* FloatingError.swift */ = {isa = PBXFileReference; fileEncoding = 4; lastKnownFileType = sourcecode.swift; path = FloatingError.swift; sourceTree = "<group>"; };
		F5FA0FFF2A859BF000260BA5 /* SecureTextFieldWithReveal.swift */ = {isa = PBXFileReference; fileEncoding = 4; lastKnownFileType = sourcecode.swift; path = SecureTextFieldWithReveal.swift; sourceTree = "<group>"; };
		F5FA10012A85A72400260BA5 /* ButtonStyles.swift */ = {isa = PBXFileReference; lastKnownFileType = sourcecode.swift; path = ButtonStyles.swift; sourceTree = "<group>"; };
		F5FA10032A861F4C00260BA5 /* LoadView.swift */ = {isa = PBXFileReference; lastKnownFileType = sourcecode.swift; path = LoadView.swift; sourceTree = "<group>"; };
		F5FA10052A86293500260BA5 /* LoadViewModel.swift */ = {isa = PBXFileReference; lastKnownFileType = sourcecode.swift; path = LoadViewModel.swift; sourceTree = "<group>"; };
/* End PBXFileReference section */

/* Begin PBXFrameworksBuildPhase section */
		F5FA0FCD2A84DF7F00260BA5 /* Frameworks */ = {
			isa = PBXFrameworksBuildPhase;
			buildActionMask = 2147483647;
			files = (
			);
			runOnlyForDeploymentPostprocessing = 0;
		};
/* End PBXFrameworksBuildPhase section */

/* Begin PBXGroup section */
		F5E668E82A8A1CB4000FE2BF /* AHAP */ = {
			isa = PBXGroup;
			children = (
				F5E668EC2A8A1CDA000FE2BF /* Boing.ahap */,
				F5E668EF2A8A1CDA000FE2BF /* Drums.ahap */,
				F5E668ED2A8A1CDA000FE2BF /* Drums.wav */,
				F5E668E92A8A1CDA000FE2BF /* Heartbeat.ahap */,
				F5E668EE2A8A1CDA000FE2BF /* Inflate.ahap */,
				F5E668EB2A8A1CDA000FE2BF /* Oscillate.ahap */,
				F5E668EA2A8A1CDA000FE2BF /* Rumble.ahap */,
			);
			path = AHAP;
			sourceTree = "<group>";
		};
		F5FA0FC72A84DF7F00260BA5 = {
			isa = PBXGroup;
			children = (
				F5FA0FEF2A84E9FD00260BA5 /* README.md */,
				F5FA0FD22A84DF7F00260BA5 /* HHLUXPrototype */,
				F5FA0FD12A84DF7F00260BA5 /* Products */,
			);
			sourceTree = "<group>";
		};
		F5FA0FD12A84DF7F00260BA5 /* Products */ = {
			isa = PBXGroup;
			children = (
				F5FA0FD02A84DF7F00260BA5 /* HHLUXPrototype.app */,
			);
			name = Products;
			sourceTree = "<group>";
		};
		F5FA0FD22A84DF7F00260BA5 /* HHLUXPrototype */ = {
			isa = PBXGroup;
			children = (
				F5FA0FED2A84E9DE00260BA5 /* symbol_names.txt */,
				F5FA0FFC2A859B1A00260BA5 /* Components */,
				F5FA0FE82A84E76400260BA5 /* Helpers */,
				F5FA0FD32A84DF7F00260BA5 /* HHLUXPrototypeApp.swift */,
				F5FA0FD52A84DF7F00260BA5 /* ContentView.swift */,
				F5FA0FE22A84E24E00260BA5 /* SymbolsView.swift */,
				F5FA0FE42A84E25F00260BA5 /* CtaView.swift */,
				F5FA0FF22A850BCD00260BA5 /* ListsView.swift */,
				F5FA0FF42A850BF200260BA5 /* SelectorsView.swift */,
				F5E668F72A8A1FE2000FE2BF /* SwitchesView.swift */,
				F5FA0FF02A84F7CA00260BA5 /* MenuView.swift */,
				F5FA0FF62A85996200260BA5 /* InputView.swift */,
				F5FA0FF82A8599EB00260BA5 /* StatesView.swift */,
				F5E668E22A88A140000FE2BF /* PopupsView.swift */,
				F5FA10032A861F4C00260BA5 /* LoadView.swift */,
				F5FA10052A86293500260BA5 /* LoadViewModel.swift */,
				F5E668E62A8A15C7000FE2BF /* HapticsView.swift */,
				F5FA0FD72A84DF8000260BA5 /* Assets.xcassets */,
				F5E668E82A8A1CB4000FE2BF /* AHAP */,
				F5FA0FD92A84DF8000260BA5 /* HHLUXPrototype.entitlements */,
				F5FA0FDA2A84DF8000260BA5 /* Preview Content */,
			);
			path = HHLUXPrototype;
			sourceTree = "<group>";
		};
		F5FA0FDA2A84DF8000260BA5 /* Preview Content */ = {
			isa = PBXGroup;
			children = (
				F5FA0FDB2A84DF8000260BA5 /* Preview Assets.xcassets */,
			);
			path = "Preview Content";
			sourceTree = "<group>";
		};
		F5FA0FE82A84E76400260BA5 /* Helpers */ = {
			isa = PBXGroup;
			children = (
				F5FA0FE92A84E77400260BA5 /* AppSettings.swift */,
				F5FA0FEB2A84E87700260BA5 /* URL+Extension.swift */,
				F5E668DE2A878A9E000FE2BF /* View+Extension.swift */,
				F5E668E02A87D525000FE2BF /* NativeColor.swift */,
				F5FA10012A85A72400260BA5 /* ButtonStyles.swift */,
			);
			path = Helpers;
			sourceTree = "<group>";
		};
		F5FA0FFC2A859B1A00260BA5 /* Components */ = {
			isa = PBXGroup;
			children = (
				F5FA0FFD2A859BBE00260BA5 /* FloatingError.swift */,
				F5FA0FFA2A859B0F00260BA5 /* FloatingTextField.swift */,
				F5FA0FFF2A859BF000260BA5 /* SecureTextFieldWithReveal.swift */,
				F5E668E42A88AD84000FE2BF /* LegendView.swift */,
			);
			path = Components;
			sourceTree = "<group>";
		};
/* End PBXGroup section */

/* Begin PBXNativeTarget section */
		F5FA0FCF2A84DF7F00260BA5 /* HHLUXPrototype */ = {
			isa = PBXNativeTarget;
			buildConfigurationList = F5FA0FDF2A84DF8000260BA5 /* Build configuration list for PBXNativeTarget "HHLUXPrototype" */;
			buildPhases = (
				F5FA0FCC2A84DF7F00260BA5 /* Sources */,
				F5FA0FCD2A84DF7F00260BA5 /* Frameworks */,
				F5FA0FCE2A84DF7F00260BA5 /* Resources */,
			);
			buildRules = (
			);
			dependencies = (
			);
			name = HHLUXPrototype;
			productName = HHLUXPrototype;
			productReference = F5FA0FD02A84DF7F00260BA5 /* HHLUXPrototype.app */;
			productType = "com.apple.product-type.application";
		};
/* End PBXNativeTarget section */

/* Begin PBXProject section */
		F5FA0FC82A84DF7F00260BA5 /* Project object */ = {
			isa = PBXProject;
			attributes = {
				BuildIndependentTargetsInParallel = 1;
				LastSwiftUpdateCheck = 1430;
				LastUpgradeCheck = 1430;
				TargetAttributes = {
					F5FA0FCF2A84DF7F00260BA5 = {
						CreatedOnToolsVersion = 14.3.1;
					};
				};
			};
			buildConfigurationList = F5FA0FCB2A84DF7F00260BA5 /* Build configuration list for PBXProject "HHLUXPrototype" */;
			compatibilityVersion = "Xcode 14.0";
			developmentRegion = en;
			hasScannedForEncodings = 0;
			knownRegions = (
				en,
				Base,
			);
			mainGroup = F5FA0FC72A84DF7F00260BA5;
			productRefGroup = F5FA0FD12A84DF7F00260BA5 /* Products */;
			projectDirPath = "";
			projectRoot = "";
			targets = (
				F5FA0FCF2A84DF7F00260BA5 /* HHLUXPrototype */,
			);
		};
/* End PBXProject section */

/* Begin PBXResourcesBuildPhase section */
		F5FA0FCE2A84DF7F00260BA5 /* Resources */ = {
			isa = PBXResourcesBuildPhase;
			buildActionMask = 2147483647;
			files = (
				F5E668F42A8A1CDA000FE2BF /* Drums.wav in Resources */,
				F5FA0FDC2A84DF8000260BA5 /* Preview Assets.xcassets in Resources */,
				F5FA0FEE2A84E9DE00260BA5 /* symbol_names.txt in Resources */,
				F5E668F62A8A1CDA000FE2BF /* Drums.ahap in Resources */,
				F5E668F52A8A1CDA000FE2BF /* Inflate.ahap in Resources */,
				F5E668F32A8A1CDA000FE2BF /* Boing.ahap in Resources */,
				F5E668F02A8A1CDA000FE2BF /* Heartbeat.ahap in Resources */,
				F5E668F12A8A1CDA000FE2BF /* Rumble.ahap in Resources */,
				F5E668F22A8A1CDA000FE2BF /* Oscillate.ahap in Resources */,
				F5FA0FD82A84DF8000260BA5 /* Assets.xcassets in Resources */,
			);
			runOnlyForDeploymentPostprocessing = 0;
		};
/* End PBXResourcesBuildPhase section */

/* Begin PBXSourcesBuildPhase section */
		F5FA0FCC2A84DF7F00260BA5 /* Sources */ = {
			isa = PBXSourcesBuildPhase;
			buildActionMask = 2147483647;
			files = (
				F5FA0FF12A84F7CA00260BA5 /* MenuView.swift in Sources */,
				F5E668E72A8A15C7000FE2BF /* HapticsView.swift in Sources */,
				F5E668F82A8A1FE2000FE2BF /* SwitchesView.swift in Sources */,
				F5FA0FD62A84DF7F00260BA5 /* ContentView.swift in Sources */,
				F5FA0FD42A84DF7F00260BA5 /* HHLUXPrototypeApp.swift in Sources */,
				F5FA0FF92A8599EB00260BA5 /* StatesView.swift in Sources */,
				F5FA10082A86660E00260BA5 /* LoadView.swift in Sources */,
				F5FA0FF52A850BF200260BA5 /* SelectorsView.swift in Sources */,
				F5FA0FE32A84E24E00260BA5 /* SymbolsView.swift in Sources */,
				F5FA0FF32A850BCD00260BA5 /* ListsView.swift in Sources */,
				F5FA0FFB2A859B0F00260BA5 /* FloatingTextField.swift in Sources */,
				F5E668E32A88A140000FE2BF /* PopupsView.swift in Sources */,
				F5FA0FEA2A84E77400260BA5 /* AppSettings.swift in Sources */,
				F5FA0FF72A85996200260BA5 /* InputView.swift in Sources */,
				F5FA10072A86660B00260BA5 /* LoadViewModel.swift in Sources */,
				F5FA0FFE2A859BBE00260BA5 /* FloatingError.swift in Sources */,
				F5FA10002A859BF000260BA5 /* SecureTextFieldWithReveal.swift in Sources */,
				F5FA0FE52A84E25F00260BA5 /* CtaView.swift in Sources */,
				F5FA10022A85A72400260BA5 /* ButtonStyles.swift in Sources */,
				F5E668DF2A878A9E000FE2BF /* View+Extension.swift in Sources */,
				F5E668E12A87D525000FE2BF /* NativeColor.swift in Sources */,
				F5E668E52A88AD84000FE2BF /* LegendView.swift in Sources */,
				F5FA0FEC2A84E87700260BA5 /* URL+Extension.swift in Sources */,
			);
			runOnlyForDeploymentPostprocessing = 0;
		};
/* End PBXSourcesBuildPhase section */

/* Begin XCBuildConfiguration section */
		F5FA0FDD2A84DF8000260BA5 /* Debug */ = {
			isa = XCBuildConfiguration;
			buildSettings = {
				ALWAYS_SEARCH_USER_PATHS = NO;
				CLANG_ANALYZER_NONNULL = YES;
				CLANG_ANALYZER_NUMBER_OBJECT_CONVERSION = YES_AGGRESSIVE;
				CLANG_CXX_LANGUAGE_STANDARD = "gnu++20";
				CLANG_ENABLE_MODULES = YES;
				CLANG_ENABLE_OBJC_ARC = YES;
				CLANG_ENABLE_OBJC_WEAK = YES;
				CLANG_WARN_BLOCK_CAPTURE_AUTORELEASING = YES;
				CLANG_WARN_BOOL_CONVERSION = YES;
				CLANG_WARN_COMMA = YES;
				CLANG_WARN_CONSTANT_CONVERSION = YES;
				CLANG_WARN_DEPRECATED_OBJC_IMPLEMENTATIONS = YES;
				CLANG_WARN_DIRECT_OBJC_ISA_USAGE = YES_ERROR;
				CLANG_WARN_DOCUMENTATION_COMMENTS = YES;
				CLANG_WARN_EMPTY_BODY = YES;
				CLANG_WARN_ENUM_CONVERSION = YES;
				CLANG_WARN_INFINITE_RECURSION = YES;
				CLANG_WARN_INT_CONVERSION = YES;
				CLANG_WARN_NON_LITERAL_NULL_CONVERSION = YES;
				CLANG_WARN_OBJC_IMPLICIT_RETAIN_SELF = YES;
				CLANG_WARN_OBJC_LITERAL_CONVERSION = YES;
				CLANG_WARN_OBJC_ROOT_CLASS = YES_ERROR;
				CLANG_WARN_QUOTED_INCLUDE_IN_FRAMEWORK_HEADER = YES;
				CLANG_WARN_RANGE_LOOP_ANALYSIS = YES;
				CLANG_WARN_STRICT_PROTOTYPES = YES;
				CLANG_WARN_SUSPICIOUS_MOVE = YES;
				CLANG_WARN_UNGUARDED_AVAILABILITY = YES_AGGRESSIVE;
				CLANG_WARN_UNREACHABLE_CODE = YES;
				CLANG_WARN__DUPLICATE_METHOD_MATCH = YES;
				COPY_PHASE_STRIP = NO;
				DEBUG_INFORMATION_FORMAT = dwarf;
				ENABLE_STRICT_OBJC_MSGSEND = YES;
				ENABLE_TESTABILITY = YES;
				GCC_C_LANGUAGE_STANDARD = gnu11;
				GCC_DYNAMIC_NO_PIC = NO;
				GCC_NO_COMMON_BLOCKS = YES;
				GCC_OPTIMIZATION_LEVEL = 0;
				GCC_PREPROCESSOR_DEFINITIONS = (
					"DEBUG=1",
					"$(inherited)",
				);
				GCC_WARN_64_TO_32_BIT_CONVERSION = YES;
				GCC_WARN_ABOUT_RETURN_TYPE = YES_ERROR;
				GCC_WARN_UNDECLARED_SELECTOR = YES;
				GCC_WARN_UNINITIALIZED_AUTOS = YES_AGGRESSIVE;
				GCC_WARN_UNUSED_FUNCTION = YES;
				GCC_WARN_UNUSED_VARIABLE = YES;
				MTL_ENABLE_DEBUG_INFO = INCLUDE_SOURCE;
				MTL_FAST_MATH = YES;
				ONLY_ACTIVE_ARCH = YES;
				SWIFT_ACTIVE_COMPILATION_CONDITIONS = DEBUG;
				SWIFT_OPTIMIZATION_LEVEL = "-Onone";
			};
			name = Debug;
		};
		F5FA0FDE2A84DF8000260BA5 /* Release */ = {
			isa = XCBuildConfiguration;
			buildSettings = {
				ALWAYS_SEARCH_USER_PATHS = NO;
				CLANG_ANALYZER_NONNULL = YES;
				CLANG_ANALYZER_NUMBER_OBJECT_CONVERSION = YES_AGGRESSIVE;
				CLANG_CXX_LANGUAGE_STANDARD = "gnu++20";
				CLANG_ENABLE_MODULES = YES;
				CLANG_ENABLE_OBJC_ARC = YES;
				CLANG_ENABLE_OBJC_WEAK = YES;
				CLANG_WARN_BLOCK_CAPTURE_AUTORELEASING = YES;
				CLANG_WARN_BOOL_CONVERSION = YES;
				CLANG_WARN_COMMA = YES;
				CLANG_WARN_CONSTANT_CONVERSION = YES;
				CLANG_WARN_DEPRECATED_OBJC_IMPLEMENTATIONS = YES;
				CLANG_WARN_DIRECT_OBJC_ISA_USAGE = YES_ERROR;
				CLANG_WARN_DOCUMENTATION_COMMENTS = YES;
				CLANG_WARN_EMPTY_BODY = YES;
				CLANG_WARN_ENUM_CONVERSION = YES;
				CLANG_WARN_INFINITE_RECURSION = YES;
				CLANG_WARN_INT_CONVERSION = YES;
				CLANG_WARN_NON_LITERAL_NULL_CONVERSION = YES;
				CLANG_WARN_OBJC_IMPLICIT_RETAIN_SELF = YES;
				CLANG_WARN_OBJC_LITERAL_CONVERSION = YES;
				CLANG_WARN_OBJC_ROOT_CLASS = YES_ERROR;
				CLANG_WARN_QUOTED_INCLUDE_IN_FRAMEWORK_HEADER = YES;
				CLANG_WARN_RANGE_LOOP_ANALYSIS = YES;
				CLANG_WARN_STRICT_PROTOTYPES = YES;
				CLANG_WARN_SUSPICIOUS_MOVE = YES;
				CLANG_WARN_UNGUARDED_AVAILABILITY = YES_AGGRESSIVE;
				CLANG_WARN_UNREACHABLE_CODE = YES;
				CLANG_WARN__DUPLICATE_METHOD_MATCH = YES;
				COPY_PHASE_STRIP = NO;
				DEBUG_INFORMATION_FORMAT = "dwarf-with-dsym";
				ENABLE_NS_ASSERTIONS = NO;
				ENABLE_STRICT_OBJC_MSGSEND = YES;
				GCC_C_LANGUAGE_STANDARD = gnu11;
				GCC_NO_COMMON_BLOCKS = YES;
				GCC_WARN_64_TO_32_BIT_CONVERSION = YES;
				GCC_WARN_ABOUT_RETURN_TYPE = YES_ERROR;
				GCC_WARN_UNDECLARED_SELECTOR = YES;
				GCC_WARN_UNINITIALIZED_AUTOS = YES_AGGRESSIVE;
				GCC_WARN_UNUSED_FUNCTION = YES;
				GCC_WARN_UNUSED_VARIABLE = YES;
				MTL_ENABLE_DEBUG_INFO = NO;
				MTL_FAST_MATH = YES;
				SWIFT_COMPILATION_MODE = wholemodule;
				SWIFT_OPTIMIZATION_LEVEL = "-O";
			};
			name = Release;
		};
		F5FA0FE02A84DF8000260BA5 /* Debug */ = {
			isa = XCBuildConfiguration;
			buildSettings = {
				ASSETCATALOG_COMPILER_APPICON_NAME = AppIcon;
				ASSETCATALOG_COMPILER_GLOBAL_ACCENT_COLOR_NAME = AccentColor;
				CODE_SIGN_ENTITLEMENTS = HHLUXPrototype/HHLUXPrototype.entitlements;
				CODE_SIGN_STYLE = Automatic;
				CURRENT_PROJECT_VERSION = 1;
				DEVELOPMENT_ASSET_PATHS = "\"HHLUXPrototype/Preview Content\"";
				DEVELOPMENT_TEAM = 4ES3P3AL8G;
				ENABLE_HARDENED_RUNTIME = YES;
				ENABLE_PREVIEWS = YES;
				GENERATE_INFOPLIST_FILE = YES;
				"INFOPLIST_KEY_UIApplicationSceneManifest_Generation[sdk=iphoneos*]" = YES;
				"INFOPLIST_KEY_UIApplicationSceneManifest_Generation[sdk=iphonesimulator*]" = YES;
				"INFOPLIST_KEY_UIApplicationSupportsIndirectInputEvents[sdk=iphoneos*]" = YES;
				"INFOPLIST_KEY_UIApplicationSupportsIndirectInputEvents[sdk=iphonesimulator*]" = YES;
				"INFOPLIST_KEY_UILaunchScreen_Generation[sdk=iphoneos*]" = YES;
				"INFOPLIST_KEY_UILaunchScreen_Generation[sdk=iphonesimulator*]" = YES;
				INFOPLIST_KEY_UIRequiresFullScreen = YES;
				INFOPLIST_KEY_UIStatusBarStyle = "";
				"INFOPLIST_KEY_UIStatusBarStyle[sdk=iphoneos*]" = UIStatusBarStyleDefault;
				"INFOPLIST_KEY_UIStatusBarStyle[sdk=iphonesimulator*]" = UIStatusBarStyleDefault;
				INFOPLIST_KEY_UISupportedInterfaceOrientations_iPad = "UIInterfaceOrientationPortrait UIInterfaceOrientationPortraitUpsideDown UIInterfaceOrientationLandscapeLeft UIInterfaceOrientationLandscapeRight";
				INFOPLIST_KEY_UISupportedInterfaceOrientations_iPhone = "UIInterfaceOrientationPortrait UIInterfaceOrientationLandscapeLeft UIInterfaceOrientationLandscapeRight";
				IPHONEOS_DEPLOYMENT_TARGET = 16.2;
				LD_RUNPATH_SEARCH_PATHS = "@executable_path/Frameworks";
				"LD_RUNPATH_SEARCH_PATHS[sdk=macosx*]" = "@executable_path/../Frameworks";
				MACOSX_DEPLOYMENT_TARGET = 13.3;
				MARKETING_VERSION = 1.0;
				PRODUCT_BUNDLE_IDENTIFIER = com.hedgehoglab.HHLUXPrototype;
				PRODUCT_NAME = "$(TARGET_NAME)";
				SDKROOT = auto;
				SUPPORTED_PLATFORMS = "iphoneos iphonesimulator macosx";
				SUPPORTS_MACCATALYST = NO;
				SUPPORTS_MAC_DESIGNED_FOR_IPHONE_IPAD = YES;
				SWIFT_EMIT_LOC_STRINGS = YES;
				SWIFT_VERSION = 5.0;
				TARGETED_DEVICE_FAMILY = "1,2";
			};
			name = Debug;
		};
		F5FA0FE12A84DF8000260BA5 /* Release */ = {
			isa = XCBuildConfiguration;
			buildSettings = {
				ASSETCATALOG_COMPILER_APPICON_NAME = AppIcon;
				ASSETCATALOG_COMPILER_GLOBAL_ACCENT_COLOR_NAME = AccentColor;
				CODE_SIGN_ENTITLEMENTS = HHLUXPrototype/HHLUXPrototype.entitlements;
				CODE_SIGN_STYLE = Automatic;
				CURRENT_PROJECT_VERSION = 1;
				DEVELOPMENT_ASSET_PATHS = "\"HHLUXPrototype/Preview Content\"";
				DEVELOPMENT_TEAM = 4ES3P3AL8G;
				ENABLE_HARDENED_RUNTIME = YES;
				ENABLE_PREVIEWS = YES;
				GENERATE_INFOPLIST_FILE = YES;
				"INFOPLIST_KEY_UIApplicationSceneManifest_Generation[sdk=iphoneos*]" = YES;
				"INFOPLIST_KEY_UIApplicationSceneManifest_Generation[sdk=iphonesimulator*]" = YES;
				"INFOPLIST_KEY_UIApplicationSupportsIndirectInputEvents[sdk=iphoneos*]" = YES;
				"INFOPLIST_KEY_UIApplicationSupportsIndirectInputEvents[sdk=iphonesimulator*]" = YES;
				"INFOPLIST_KEY_UILaunchScreen_Generation[sdk=iphoneos*]" = YES;
				"INFOPLIST_KEY_UILaunchScreen_Generation[sdk=iphonesimulator*]" = YES;
				INFOPLIST_KEY_UIRequiresFullScreen = YES;
				INFOPLIST_KEY_UIStatusBarStyle = "";
				"INFOPLIST_KEY_UIStatusBarStyle[sdk=iphoneos*]" = UIStatusBarStyleDefault;
				"INFOPLIST_KEY_UIStatusBarStyle[sdk=iphonesimulator*]" = UIStatusBarStyleDefault;
				INFOPLIST_KEY_UISupportedInterfaceOrientations_iPad = "UIInterfaceOrientationPortrait UIInterfaceOrientationPortraitUpsideDown UIInterfaceOrientationLandscapeLeft UIInterfaceOrientationLandscapeRight";
				INFOPLIST_KEY_UISupportedInterfaceOrientations_iPhone = "UIInterfaceOrientationPortrait UIInterfaceOrientationLandscapeLeft UIInterfaceOrientationLandscapeRight";
				IPHONEOS_DEPLOYMENT_TARGET = 16.2;
				LD_RUNPATH_SEARCH_PATHS = "@executable_path/Frameworks";
				"LD_RUNPATH_SEARCH_PATHS[sdk=macosx*]" = "@executable_path/../Frameworks";
				MACOSX_DEPLOYMENT_TARGET = 13.3;
				MARKETING_VERSION = 1.0;
				PRODUCT_BUNDLE_IDENTIFIER = com.hedgehoglab.HHLUXPrototype;
				PRODUCT_NAME = "$(TARGET_NAME)";
				SDKROOT = auto;
				SUPPORTED_PLATFORMS = "iphoneos iphonesimulator macosx";
				SUPPORTS_MACCATALYST = NO;
				SUPPORTS_MAC_DESIGNED_FOR_IPHONE_IPAD = YES;
				SWIFT_EMIT_LOC_STRINGS = YES;
				SWIFT_VERSION = 5.0;
				TARGETED_DEVICE_FAMILY = "1,2";
			};
			name = Release;
		};
/* End XCBuildConfiguration section */

/* Begin XCConfigurationList section */
		F5FA0FCB2A84DF7F00260BA5 /* Build configuration list for PBXProject "HHLUXPrototype" */ = {
			isa = XCConfigurationList;
			buildConfigurations = (
				F5FA0FDD2A84DF8000260BA5 /* Debug */,
				F5FA0FDE2A84DF8000260BA5 /* Release */,
			);
			defaultConfigurationIsVisible = 0;
			defaultConfigurationName = Release;
		};
		F5FA0FDF2A84DF8000260BA5 /* Build configuration list for PBXNativeTarget "HHLUXPrototype" */ = {
			isa = XCConfigurationList;
			buildConfigurations = (
				F5FA0FE02A84DF8000260BA5 /* Debug */,
				F5FA0FE12A84DF8000260BA5 /* Release */,
			);
			defaultConfigurationIsVisible = 0;
			defaultConfigurationName = Release;
		};
/* End XCConfigurationList section */
	};
	rootObject = F5FA0FC82A84DF7F00260BA5 /* Project object */;
}
